
Microsoft Visual Studio Solution File, Format Version 12.00
# Visual Studio 14
VisualStudioVersion = 14.0.25420.1
MinimumVisualStudioVersion = 10.0.40219.1
Project("{8BC9CEB8-8B4A-11D0-8D11-00A0C91BC942}") = "pp1", "pp1.vcxproj", "{74CB572B-1653-4379-B426-D9E40A840B67}"
EndProject
Global
	GlobalSection(SolutionConfigurationPlatforms) = preSolution
		Debug|x86 = Debug|x86
		Release|x86 = Release|x86
	EndGlobalSection
	GlobalSection(ProjectConfigurationPlatforms) = postSolution
		{74CB572B-1653-4379-B426-D9E40A840B67}.Debug|x86.ActiveCfg = Debug|Win32
		{74CB572B-1653-4379-B426-D9E40A840B67}.Debug|x86.Build.0 = Debug|Win32
		{74CB572B-1653-4379-B426-D9E40A840B67}.Release|x86.ActiveCfg = Release|Win32
		{74CB572B-1653-4379-B426-D9E40A840B67}.Release|x86.Build.0 = Release|Win32
	EndGlobalSection
	GlobalSection(SolutionProperties) = preSolution
		HideSolutionNode = FALSE
	EndGlobalSection
EndGlobal
